// !$*UTF8*$!
{
	archiveVersion = 1;
	classes = {
	};
	objectVersion = 46;
	objects = {

/* Begin PBXBuildFile section */
		477EC7971DE39A4A00E3BAB7 /* TasksTableVC.swift in Sources */ = {isa = PBXBuildFile; fileRef = 477EC7961DE39A4A00E3BAB7 /* TasksTableVC.swift */; };
		479C794E1DE30D6A006C5976 /* Task.swift in Sources */ = {isa = PBXBuildFile; fileRef = 479C794D1DE30D6A006C5976 /* Task.swift */; };
		58F9106431586EBA32E23D72 /* Pods_Check_in_Me.framework in Frameworks */ = {isa = PBXBuildFile; fileRef = 0F4765CE7696F945A177EC11 /* Pods_Check_in_Me.framework */; };
		9F0FCE2A1DDF7F2900C735A7 /* TaskVC.swift in Sources */ = {isa = PBXBuildFile; fileRef = 9F0FCE291DDF7F2900C735A7 /* TaskVC.swift */; };
		9F405C1E1DDF1EB0001D7ED8 /* MenuItems.swift in Sources */ = {isa = PBXBuildFile; fileRef = 9F405C1A1DDF1EB0001D7ED8 /* MenuItems.swift */; };
		9F405C1F1DDF1EB0001D7ED8 /* MenuTableViewCell.swift in Sources */ = {isa = PBXBuildFile; fileRef = 9F405C1B1DDF1EB0001D7ED8 /* MenuTableViewCell.swift */; };
		9F405C201DDF1EB0001D7ED8 /* MenuTableViewController.swift in Sources */ = {isa = PBXBuildFile; fileRef = 9F405C1C1DDF1EB0001D7ED8 /* MenuTableViewController.swift */; };
		9F40C47F1DDF3560001C4B0B /* AppStyles.swift in Sources */ = {isa = PBXBuildFile; fileRef = 9F40C47E1DDF3560001C4B0B /* AppStyles.swift */; };
		9F8206D81DCCA82E00C8B60A /* AppDelegate.swift in Sources */ = {isa = PBXBuildFile; fileRef = 9F8206D71DCCA82E00C8B60A /* AppDelegate.swift */; };
		9F8206DF1DCCA82E00C8B60A /* Main.storyboard in Resources */ = {isa = PBXBuildFile; fileRef = 9F8206DD1DCCA82E00C8B60A /* Main.storyboard */; };
		9F8206E11DCCA82E00C8B60A /* Assets.xcassets in Resources */ = {isa = PBXBuildFile; fileRef = 9F8206E01DCCA82E00C8B60A /* Assets.xcassets */; };
		9F8206E41DCCA82E00C8B60A /* LaunchScreen.storyboard in Resources */ = {isa = PBXBuildFile; fileRef = 9F8206E21DCCA82E00C8B60A /* LaunchScreen.storyboard */; };
		9F8206F21DCCA94500C8B60A /* ChatVC.swift in Sources */ = {isa = PBXBuildFile; fileRef = 9F8206EE1DCCA94500C8B60A /* ChatVC.swift */; };
		9F8206F31DCCA94500C8B60A /* CheckInVC.swift in Sources */ = {isa = PBXBuildFile; fileRef = 9F8206EF1DCCA94500C8B60A /* CheckInVC.swift */; };
		9F8206F41DCCA94500C8B60A /* ManagerVC.swift in Sources */ = {isa = PBXBuildFile; fileRef = 9F8206F01DCCA94500C8B60A /* ManagerVC.swift */; };
		9F8206F51DCCA94500C8B60A /* Person.swift in Sources */ = {isa = PBXBuildFile; fileRef = 9F8206F11DCCA94500C8B60A /* Person.swift */; };
		9F8206F71DCCA95300C8B60A /* GoogleService-Info.plist in Resources */ = {isa = PBXBuildFile; fileRef = 9F8206F61DCCA95300C8B60A /* GoogleService-Info.plist */; };
		9F8206FB1DCCA98000C8B60A /* HRToast+UIView.swift in Sources */ = {isa = PBXBuildFile; fileRef = 9F8206FA1DCCA98000C8B60A /* HRToast+UIView.swift */; };
		9FB1D3231DE0CE35007C160A /* MapKit.framework in Frameworks */ = {isa = PBXBuildFile; fileRef = 9FB1D3221DE0CE35007C160A /* MapKit.framework */; };
		9FBB7E401DCDDD540078472C /* Material.framework in Frameworks */ = {isa = PBXBuildFile; fileRef = 9FBB7E3F1DCDDD540078472C /* Material.framework */; };
		9FDA68A71DCDF0EB008C8069 /* UIImage+Gif.swift in Sources */ = {isa = PBXBuildFile; fileRef = 9FDA68A61DCDF0EB008C8069 /* UIImage+Gif.swift */; };
/* End PBXBuildFile section */

/* Begin PBXFileReference section */
		0F4765CE7696F945A177EC11 /* Pods_Check_in_Me.framework */ = {isa = PBXFileReference; explicitFileType = wrapper.framework; includeInIndex = 0; path = Pods_Check_in_Me.framework; sourceTree = BUILT_PRODUCTS_DIR; };
		4631EFD9744A3BAC17C8787E /* Pods-Check-in Me.release.xcconfig */ = {isa = PBXFileReference; includeInIndex = 1; lastKnownFileType = text.xcconfig; name = "Pods-Check-in Me.release.xcconfig"; path = "Pods/Target Support Files/Pods-Check-in Me/Pods-Check-in Me.release.xcconfig"; sourceTree = "<group>"; };
		477EC7961DE39A4A00E3BAB7 /* TasksTableVC.swift */ = {isa = PBXFileReference; fileEncoding = 4; lastKnownFileType = sourcecode.swift; path = TasksTableVC.swift; sourceTree = "<group>"; };
		479C794D1DE30D6A006C5976 /* Task.swift */ = {isa = PBXFileReference; fileEncoding = 4; lastKnownFileType = sourcecode.swift; path = Task.swift; sourceTree = "<group>"; };
		9F0FCE291DDF7F2900C735A7 /* TaskVC.swift */ = {isa = PBXFileReference; fileEncoding = 4; lastKnownFileType = sourcecode.swift; path = TaskVC.swift; sourceTree = "<group>"; };
		9F24D6AE1DD13EDB005B1A02 /* Check-in Me.entitlements */ = {isa = PBXFileReference; lastKnownFileType = text.plist.entitlements; path = "Check-in Me.entitlements"; sourceTree = "<group>"; };
		9F405C1A1DDF1EB0001D7ED8 /* MenuItems.swift */ = {isa = PBXFileReference; fileEncoding = 4; lastKnownFileType = sourcecode.swift; path = MenuItems.swift; sourceTree = "<group>"; };
		9F405C1B1DDF1EB0001D7ED8 /* MenuTableViewCell.swift */ = {isa = PBXFileReference; fileEncoding = 4; lastKnownFileType = sourcecode.swift; path = MenuTableViewCell.swift; sourceTree = "<group>"; };
		9F405C1C1DDF1EB0001D7ED8 /* MenuTableViewController.swift */ = {isa = PBXFileReference; fileEncoding = 4; lastKnownFileType = sourcecode.swift; path = MenuTableViewController.swift; sourceTree = "<group>"; };
		9F40C47E1DDF3560001C4B0B /* AppStyles.swift */ = {isa = PBXFileReference; fileEncoding = 4; lastKnownFileType = sourcecode.swift; path = AppStyles.swift; sourceTree = "<group>"; };
		9F8206D41DCCA82E00C8B60A /* Check-in Me.app */ = {isa = PBXFileReference; explicitFileType = wrapper.application; includeInIndex = 0; path = "Check-in Me.app"; sourceTree = BUILT_PRODUCTS_DIR; };
		9F8206D71DCCA82E00C8B60A /* AppDelegate.swift */ = {isa = PBXFileReference; lastKnownFileType = sourcecode.swift; path = AppDelegate.swift; sourceTree = "<group>"; };
		9F8206DE1DCCA82E00C8B60A /* Base */ = {isa = PBXFileReference; lastKnownFileType = file.storyboard; name = Base; path = Base.lproj/Main.storyboard; sourceTree = "<group>"; };
		9F8206E01DCCA82E00C8B60A /* Assets.xcassets */ = {isa = PBXFileReference; lastKnownFileType = folder.assetcatalog; path = Assets.xcassets; sourceTree = "<group>"; };
		9F8206E31DCCA82E00C8B60A /* Base */ = {isa = PBXFileReference; lastKnownFileType = file.storyboard; name = Base; path = Base.lproj/LaunchScreen.storyboard; sourceTree = "<group>"; };
		9F8206E51DCCA82E00C8B60A /* Info.plist */ = {isa = PBXFileReference; lastKnownFileType = text.plist.xml; path = Info.plist; sourceTree = "<group>"; };
		9F8206EE1DCCA94500C8B60A /* ChatVC.swift */ = {isa = PBXFileReference; fileEncoding = 4; lastKnownFileType = sourcecode.swift; path = ChatVC.swift; sourceTree = "<group>"; };
		9F8206EF1DCCA94500C8B60A /* CheckInVC.swift */ = {isa = PBXFileReference; fileEncoding = 4; lastKnownFileType = sourcecode.swift; path = CheckInVC.swift; sourceTree = "<group>"; };
		9F8206F01DCCA94500C8B60A /* ManagerVC.swift */ = {isa = PBXFileReference; fileEncoding = 4; lastKnownFileType = sourcecode.swift; path = ManagerVC.swift; sourceTree = "<group>"; };
		9F8206F11DCCA94500C8B60A /* Person.swift */ = {isa = PBXFileReference; fileEncoding = 4; lastKnownFileType = sourcecode.swift; path = Person.swift; sourceTree = "<group>"; };
		9F8206F61DCCA95300C8B60A /* GoogleService-Info.plist */ = {isa = PBXFileReference; fileEncoding = 4; lastKnownFileType = text.plist.xml; name = "GoogleService-Info.plist"; path = "Check-in Me/GoogleService-Info.plist"; sourceTree = "<group>"; };
		9F8206FA1DCCA98000C8B60A /* HRToast+UIView.swift */ = {isa = PBXFileReference; fileEncoding = 4; lastKnownFileType = sourcecode.swift; name = "HRToast+UIView.swift"; path = "Toast-Swift-master/SwiftToastDemo/Toast/HRToast+UIView.swift"; sourceTree = "<group>"; };
		9FB1D3221DE0CE35007C160A /* MapKit.framework */ = {isa = PBXFileReference; lastKnownFileType = wrapper.framework; name = MapKit.framework; path = System/Library/Frameworks/MapKit.framework; sourceTree = SDKROOT; };
		9FBB7E3F1DCDDD540078472C /* Material.framework */ = {isa = PBXFileReference; lastKnownFileType = wrapper.framework; name = Material.framework; path = "../../Library/Developer/Xcode/DerivedData/Check-in_Me-cdrltbvlfrcxjsadqljtqyhqleki/Build/Products/Debug-iphonesimulator/Material/Material.framework"; sourceTree = "<group>"; };
		9FDA68A51DCDF0EB008C8069 /* ChatChat-Bridging-Header.h */ = {isa = PBXFileReference; fileEncoding = 4; lastKnownFileType = sourcecode.c.h; path = "ChatChat-Bridging-Header.h"; sourceTree = "<group>"; };
		9FDA68A61DCDF0EB008C8069 /* UIImage+Gif.swift */ = {isa = PBXFileReference; fileEncoding = 4; lastKnownFileType = sourcecode.swift; path = "UIImage+Gif.swift"; sourceTree = "<group>"; };
		B6F1EC2DC4636A980DAF7E02 /* Pods-Check-in Me.debug.xcconfig */ = {isa = PBXFileReference; includeInIndex = 1; lastKnownFileType = text.xcconfig; name = "Pods-Check-in Me.debug.xcconfig"; path = "Pods/Target Support Files/Pods-Check-in Me/Pods-Check-in Me.debug.xcconfig"; sourceTree = "<group>"; };
/* End PBXFileReference section */

/* Begin PBXFrameworksBuildPhase section */
		9F8206D11DCCA82D00C8B60A /* Frameworks */ = {
			isa = PBXFrameworksBuildPhase;
			buildActionMask = 2147483647;
			files = (
				9FBB7E401DCDDD540078472C /* Material.framework in Frameworks */,
				9FB1D3231DE0CE35007C160A /* MapKit.framework in Frameworks */,
				58F9106431586EBA32E23D72 /* Pods_Check_in_Me.framework in Frameworks */,
			);
			runOnlyForDeploymentPostprocessing = 0;
		};
/* End PBXFrameworksBuildPhase section */

/* Begin PBXGroup section */
		20F790D79FC61A09028BC50C /* Frameworks */ = {
			isa = PBXGroup;
			children = (
				9FB1D3221DE0CE35007C160A /* MapKit.framework */,
				9FBB7E3F1DCDDD540078472C /* Material.framework */,
				0F4765CE7696F945A177EC11 /* Pods_Check_in_Me.framework */,
			);
			name = Frameworks;
			sourceTree = "<group>";
		};
		3239EDFB504EEE64F8B013E0 /* Pods */ = {
			isa = PBXGroup;
			children = (
				B6F1EC2DC4636A980DAF7E02 /* Pods-Check-in Me.debug.xcconfig */,
				4631EFD9744A3BAC17C8787E /* Pods-Check-in Me.release.xcconfig */,
			);
			name = Pods;
			sourceTree = "<group>";
		};
		9F405C181DDF1EA0001D7ED8 /* Menu */ = {
			isa = PBXGroup;
			children = (
				9F405C1A1DDF1EB0001D7ED8 /* MenuItems.swift */,
				9F405C1B1DDF1EB0001D7ED8 /* MenuTableViewCell.swift */,
				9F405C1C1DDF1EB0001D7ED8 /* MenuTableViewController.swift */,
			);
			name = Menu;
			sourceTree = "<group>";
		};
		9F8206CB1DCCA82D00C8B60A = {
			isa = PBXGroup;
			children = (
				9F8206F61DCCA95300C8B60A /* GoogleService-Info.plist */,
				9F8206D61DCCA82E00C8B60A /* Check-in Me */,
				9F8206D51DCCA82E00C8B60A /* Products */,
				3239EDFB504EEE64F8B013E0 /* Pods */,
				20F790D79FC61A09028BC50C /* Frameworks */,
			);
			sourceTree = "<group>";
		};
		9F8206D51DCCA82E00C8B60A /* Products */ = {
			isa = PBXGroup;
			children = (
				9F8206D41DCCA82E00C8B60A /* Check-in Me.app */,
			);
			name = Products;
			sourceTree = "<group>";
		};
		9F8206D61DCCA82E00C8B60A /* Check-in Me */ = {
			isa = PBXGroup;
			children = (
				9F24D6AE1DD13EDB005B1A02 /* Check-in Me.entitlements */,
				9FDA68A11DCDEF06008C8069 /* Layout */,
				9FDA68A01DCDEEF5008C8069 /* Supporting Files */,
				9F8206ED1DCCA92100C8B60A /* Controller */,
				9F8206EC1DCCA91D00C8B60A /* View */,
				9F8206EB1DCCA91600C8B60A /* Model */,
				9F8206E01DCCA82E00C8B60A /* Assets.xcassets */,
			);
			path = "Check-in Me";
			sourceTree = "<group>";
		};
		9F8206EB1DCCA91600C8B60A /* Model */ = {
			isa = PBXGroup;
			children = (
				9F8206F11DCCA94500C8B60A /* Person.swift */,
				479C794D1DE30D6A006C5976 /* Task.swift */,
			);
			name = Model;
			sourceTree = "<group>";
		};
		9F8206EC1DCCA91D00C8B60A /* View */ = {
			isa = PBXGroup;
			children = (
			);
			name = View;
			sourceTree = "<group>";
		};
		9F8206ED1DCCA92100C8B60A /* Controller */ = {
			isa = PBXGroup;
			children = (
				9F405C181DDF1EA0001D7ED8 /* Menu */,
				9F8206EE1DCCA94500C8B60A /* ChatVC.swift */,
				9F8206EF1DCCA94500C8B60A /* CheckInVC.swift */,
				9F8206F01DCCA94500C8B60A /* ManagerVC.swift */,
				9F0FCE291DDF7F2900C735A7 /* TaskVC.swift */,
				477EC7961DE39A4A00E3BAB7 /* TasksTableVC.swift */,
			);
			name = Controller;
			sourceTree = "<group>";
		};
		9FDA68A01DCDEEF5008C8069 /* Supporting Files */ = {
			isa = PBXGroup;
			children = (
				9F40C47E1DDF3560001C4B0B /* AppStyles.swift */,
				9FDA68A51DCDF0EB008C8069 /* ChatChat-Bridging-Header.h */,
				9FDA68A61DCDF0EB008C8069 /* UIImage+Gif.swift */,
				9F8206D71DCCA82E00C8B60A /* AppDelegate.swift */,
				9F8206FA1DCCA98000C8B60A /* HRToast+UIView.swift */,
				9F8206E51DCCA82E00C8B60A /* Info.plist */,
			);
			name = "Supporting Files";
			sourceTree = "<group>";
		};
		9FDA68A11DCDEF06008C8069 /* Layout */ = {
			isa = PBXGroup;
			children = (
				9F8206DD1DCCA82E00C8B60A /* Main.storyboard */,
				9F8206E21DCCA82E00C8B60A /* LaunchScreen.storyboard */,
			);
			name = Layout;
			sourceTree = "<group>";
		};
/* End PBXGroup section */

/* Begin PBXNativeTarget section */
		9F8206D31DCCA82D00C8B60A /* Check-in Me */ = {
			isa = PBXNativeTarget;
			buildConfigurationList = 9F8206E81DCCA82E00C8B60A /* Build configuration list for PBXNativeTarget "Check-in Me" */;
			buildPhases = (
				D9A97F70F2321B7C9A6E3CDA /* [CP] Check Pods Manifest.lock */,
				9F8206D01DCCA82D00C8B60A /* Sources */,
				9F8206D11DCCA82D00C8B60A /* Frameworks */,
				9F8206D21DCCA82D00C8B60A /* Resources */,
				EF92B49A45A46BCB72150382 /* [CP] Embed Pods Frameworks */,
				BFFA6D739F7F23E582FF2D21 /* [CP] Copy Pods Resources */,
			);
			buildRules = (
			);
			dependencies = (
			);
			name = "Check-in Me";
			productName = "Check-in Me";
			productReference = 9F8206D41DCCA82E00C8B60A /* Check-in Me.app */;
			productType = "com.apple.product-type.application";
		};
/* End PBXNativeTarget section */

/* Begin PBXProject section */
		9F8206CC1DCCA82D00C8B60A /* Project object */ = {
			isa = PBXProject;
			attributes = {
				KnownAssetTags = (
					backbutton,
				);
				LastSwiftUpdateCheck = 0810;
				LastUpgradeCheck = 0930;
				ORGANIZATIONNAME = "Gurkan Yilmaz";
				TargetAttributes = {
					9F8206D31DCCA82D00C8B60A = {
						CreatedOnToolsVersion = 8.1;
						DevelopmentTeam = JP8T8ZDVB3;
						ProvisioningStyle = Automatic;
						SystemCapabilities = {
							com.apple.Keychain = {
								enabled = 1;
							};
							com.apple.Maps.iOS = {
								enabled = 0;
							};
						};
					};
				};
			};
			buildConfigurationList = 9F8206CF1DCCA82D00C8B60A /* Build configuration list for PBXProject "Check-in Me" */;
			compatibilityVersion = "Xcode 3.2";
			developmentRegion = English;
			hasScannedForEncodings = 0;
			knownRegions = (
				en,
				Base,
			);
			mainGroup = 9F8206CB1DCCA82D00C8B60A;
			productRefGroup = 9F8206D51DCCA82E00C8B60A /* Products */;
			projectDirPath = "";
			projectRoot = "";
			targets = (
				9F8206D31DCCA82D00C8B60A /* Check-in Me */,
			);
		};
/* End PBXProject section */

/* Begin PBXResourcesBuildPhase section */
		9F8206D21DCCA82D00C8B60A /* Resources */ = {
			isa = PBXResourcesBuildPhase;
			buildActionMask = 2147483647;
			files = (
				9F8206E41DCCA82E00C8B60A /* LaunchScreen.storyboard in Resources */,
				9F8206F71DCCA95300C8B60A /* GoogleService-Info.plist in Resources */,
				9F8206E11DCCA82E00C8B60A /* Assets.xcassets in Resources */,
				9F8206DF1DCCA82E00C8B60A /* Main.storyboard in Resources */,
			);
			runOnlyForDeploymentPostprocessing = 0;
		};
/* End PBXResourcesBuildPhase section */

/* Begin PBXShellScriptBuildPhase section */
		BFFA6D739F7F23E582FF2D21 /* [CP] Copy Pods Resources */ = {
			isa = PBXShellScriptBuildPhase;
			buildActionMask = 2147483647;
			files = (
			);
			inputPaths = (
			);
			name = "[CP] Copy Pods Resources";
			outputPaths = (
			);
			runOnlyForDeploymentPostprocessing = 0;
			shellPath = /bin/sh;
			shellScript = "\"${SRCROOT}/Pods/Target Support Files/Pods-Check-in Me/Pods-Check-in Me-resources.sh\"\n";
			showEnvVarsInLog = 0;
		};
		D9A97F70F2321B7C9A6E3CDA /* [CP] Check Pods Manifest.lock */ = {
			isa = PBXShellScriptBuildPhase;
			buildActionMask = 2147483647;
			files = (
			);
			inputPaths = (
				"${PODS_PODFILE_DIR_PATH}/Podfile.lock",
				"${PODS_ROOT}/Manifest.lock",
			);
			name = "[CP] Check Pods Manifest.lock";
			outputPaths = (
				"$(DERIVED_FILE_DIR)/Pods-Check-in Me-checkManifestLockResult.txt",
			);
			runOnlyForDeploymentPostprocessing = 0;
			shellPath = /bin/sh;
			shellScript = "diff \"${PODS_PODFILE_DIR_PATH}/Podfile.lock\" \"${PODS_ROOT}/Manifest.lock\" > /dev/null\nif [ $? != 0 ] ; then\n    # print error to STDERR\n    echo \"error: The sandbox is not in sync with the Podfile.lock. Run 'pod install' or update your CocoaPods installation.\" >&2\n    exit 1\nfi\n# This output is used by Xcode 'outputs' to avoid re-running this script phase.\necho \"SUCCESS\" > \"${SCRIPT_OUTPUT_FILE_0}\"\n";
			showEnvVarsInLog = 0;
		};
		EF92B49A45A46BCB72150382 /* [CP] Embed Pods Frameworks */ = {
			isa = PBXShellScriptBuildPhase;
			buildActionMask = 2147483647;
			files = (
			);
			inputPaths = (
				"${SRCROOT}/Pods/Target Support Files/Pods-Check-in Me/Pods-Check-in Me-frameworks.sh",
				"${BUILT_PRODUCTS_DIR}/GTMSessionFetcher/GTMSessionFetcher.framework",
				"${BUILT_PRODUCTS_DIR}/GoogleToolboxForMac/GoogleToolboxForMac.framework",
				"${BUILT_PRODUCTS_DIR}/JSQMessagesViewController/JSQMessagesViewController.framework",
				"${BUILT_PRODUCTS_DIR}/JSQSystemSoundPlayer/JSQSystemSoundPlayer.framework",
				"${BUILT_PRODUCTS_DIR}/Material/Material.framework",
				"${BUILT_PRODUCTS_DIR}/Protobuf/Protobuf.framework",
				"${BUILT_PRODUCTS_DIR}/SnapKit/SnapKit.framework",
				"${BUILT_PRODUCTS_DIR}/WKAwesomeMenu/WKAwesomeMenu.framework",
				"${BUILT_PRODUCTS_DIR}/leveldb-library/leveldb.framework",
				"${BUILT_PRODUCTS_DIR}/nanopb/nanopb.framework",
			);
			name = "[CP] Embed Pods Frameworks";
			outputPaths = (
				"${TARGET_BUILD_DIR}/${FRAMEWORKS_FOLDER_PATH}/GTMSessionFetcher.framework",
				"${TARGET_BUILD_DIR}/${FRAMEWORKS_FOLDER_PATH}/GoogleToolboxForMac.framework",
				"${TARGET_BUILD_DIR}/${FRAMEWORKS_FOLDER_PATH}/JSQMessagesViewController.framework",
				"${TARGET_BUILD_DIR}/${FRAMEWORKS_FOLDER_PATH}/JSQSystemSoundPlayer.framework",
				"${TARGET_BUILD_DIR}/${FRAMEWORKS_FOLDER_PATH}/Material.framework",
				"${TARGET_BUILD_DIR}/${FRAMEWORKS_FOLDER_PATH}/Protobuf.framework",
				"${TARGET_BUILD_DIR}/${FRAMEWORKS_FOLDER_PATH}/SnapKit.framework",
				"${TARGET_BUILD_DIR}/${FRAMEWORKS_FOLDER_PATH}/WKAwesomeMenu.framework",
				"${TARGET_BUILD_DIR}/${FRAMEWORKS_FOLDER_PATH}/leveldb.framework",
				"${TARGET_BUILD_DIR}/${FRAMEWORKS_FOLDER_PATH}/nanopb.framework",
			);
			runOnlyForDeploymentPostprocessing = 0;
			shellPath = /bin/sh;
			shellScript = "\"${SRCROOT}/Pods/Target Support Files/Pods-Check-in Me/Pods-Check-in Me-frameworks.sh\"\n";
			showEnvVarsInLog = 0;
		};
/* End PBXShellScriptBuildPhase section */

/* Begin PBXSourcesBuildPhase section */
		9F8206D01DCCA82D00C8B60A /* Sources */ = {
			isa = PBXSourcesBuildPhase;
			buildActionMask = 2147483647;
			files = (
				9F8206F51DCCA94500C8B60A /* Person.swift in Sources */,
				9F8206F31DCCA94500C8B60A /* CheckInVC.swift in Sources */,
				9F0FCE2A1DDF7F2900C735A7 /* TaskVC.swift in Sources */,
				9FDA68A71DCDF0EB008C8069 /* UIImage+Gif.swift in Sources */,
				477EC7971DE39A4A00E3BAB7 /* TasksTableVC.swift in Sources */,
				9F40C47F1DDF3560001C4B0B /* AppStyles.swift in Sources */,
				9F8206FB1DCCA98000C8B60A /* HRToast+UIView.swift in Sources */,
				9F8206F21DCCA94500C8B60A /* ChatVC.swift in Sources */,
				9F405C1E1DDF1EB0001D7ED8 /* MenuItems.swift in Sources */,
				479C794E1DE30D6A006C5976 /* Task.swift in Sources */,
				9F405C201DDF1EB0001D7ED8 /* MenuTableViewController.swift in Sources */,
				9F8206F41DCCA94500C8B60A /* ManagerVC.swift in Sources */,
				9F8206D81DCCA82E00C8B60A /* AppDelegate.swift in Sources */,
				9F405C1F1DDF1EB0001D7ED8 /* MenuTableViewCell.swift in Sources */,
			);
			runOnlyForDeploymentPostprocessing = 0;
		};
/* End PBXSourcesBuildPhase section */

/* Begin PBXVariantGroup section */
		9F8206DD1DCCA82E00C8B60A /* Main.storyboard */ = {
			isa = PBXVariantGroup;
			children = (
				9F8206DE1DCCA82E00C8B60A /* Base */,
			);
			name = Main.storyboard;
			sourceTree = "<group>";
		};
		9F8206E21DCCA82E00C8B60A /* LaunchScreen.storyboard */ = {
			isa = PBXVariantGroup;
			children = (
				9F8206E31DCCA82E00C8B60A /* Base */,
			);
			name = LaunchScreen.storyboard;
			sourceTree = "<group>";
		};
/* End PBXVariantGroup section */

/* Begin XCBuildConfiguration section */
		9F8206E61DCCA82E00C8B60A /* Debug */ = {
			isa = XCBuildConfiguration;
			buildSettings = {
				ALWAYS_SEARCH_USER_PATHS = NO;
				CLANG_ANALYZER_NONNULL = YES;
				CLANG_CXX_LANGUAGE_STANDARD = "gnu++0x";
				CLANG_CXX_LIBRARY = "libc++";
				CLANG_ENABLE_MODULES = YES;
				CLANG_ENABLE_OBJC_ARC = YES;
				CLANG_WARN_BLOCK_CAPTURE_AUTORELEASING = YES;
				CLANG_WARN_BOOL_CONVERSION = YES;
				CLANG_WARN_COMMA = YES;
				CLANG_WARN_CONSTANT_CONVERSION = YES;
				CLANG_WARN_DEPRECATED_OBJC_IMPLEMENTATIONS = YES;
				CLANG_WARN_DIRECT_OBJC_ISA_USAGE = YES_ERROR;
				CLANG_WARN_DOCUMENTATION_COMMENTS = YES;
				CLANG_WARN_EMPTY_BODY = YES;
				CLANG_WARN_ENUM_CONVERSION = YES;
				CLANG_WARN_INFINITE_RECURSION = YES;
				CLANG_WARN_INT_CONVERSION = YES;
				CLANG_WARN_NON_LITERAL_NULL_CONVERSION = YES;
				CLANG_WARN_OBJC_IMPLICIT_RETAIN_SELF = YES;
				CLANG_WARN_OBJC_LITERAL_CONVERSION = YES;
				CLANG_WARN_OBJC_ROOT_CLASS = YES_ERROR;
				CLANG_WARN_RANGE_LOOP_ANALYSIS = YES;
				CLANG_WARN_STRICT_PROTOTYPES = YES;
				CLANG_WARN_SUSPICIOUS_MOVE = YES;
				CLANG_WARN_SUSPICIOUS_MOVES = YES;
				CLANG_WARN_UNREACHABLE_CODE = YES;
				CLANG_WARN__DUPLICATE_METHOD_MATCH = YES;
				"CODE_SIGN_IDENTITY[sdk=iphoneos*]" = "iPhone Developer";
				COPY_PHASE_STRIP = NO;
				DEBUG_INFORMATION_FORMAT = dwarf;
				ENABLE_STRICT_OBJC_MSGSEND = YES;
				ENABLE_TESTABILITY = YES;
				GCC_C_LANGUAGE_STANDARD = gnu99;
				GCC_DYNAMIC_NO_PIC = NO;
				GCC_NO_COMMON_BLOCKS = YES;
				GCC_OPTIMIZATION_LEVEL = 0;
				GCC_PREPROCESSOR_DEFINITIONS = (
					"DEBUG=1",
					"$(inherited)",
				);
				GCC_WARN_64_TO_32_BIT_CONVERSION = YES;
				GCC_WARN_ABOUT_RETURN_TYPE = YES_ERROR;
				GCC_WARN_UNDECLARED_SELECTOR = YES;
				GCC_WARN_UNINITIALIZED_AUTOS = YES_AGGRESSIVE;
				GCC_WARN_UNUSED_FUNCTION = YES;
				GCC_WARN_UNUSED_VARIABLE = YES;
				IPHONEOS_DEPLOYMENT_TARGET = 10.1;
				MTL_ENABLE_DEBUG_INFO = YES;
				ONLY_ACTIVE_ARCH = YES;
				SDKROOT = iphoneos;
				SWIFT_ACTIVE_COMPILATION_CONDITIONS = DEBUG;
				SWIFT_OPTIMIZATION_LEVEL = "-Onone";
			};
			name = Debug;
		};
		9F8206E71DCCA82E00C8B60A /* Release */ = {
			isa = XCBuildConfiguration;
			buildSettings = {
				ALWAYS_SEARCH_USER_PATHS = NO;
				CLANG_ANALYZER_NONNULL = YES;
				CLANG_CXX_LANGUAGE_STANDARD = "gnu++0x";
				CLANG_CXX_LIBRARY = "libc++";
				CLANG_ENABLE_MODULES = YES;
				CLANG_ENABLE_OBJC_ARC = YES;
				CLANG_WARN_BLOCK_CAPTURE_AUTORELEASING = YES;
				CLANG_WARN_BOOL_CONVERSION = YES;
				CLANG_WARN_COMMA = YES;
				CLANG_WARN_CONSTANT_CONVERSION = YES;
				CLANG_WARN_DEPRECATED_OBJC_IMPLEMENTATIONS = YES;
				CLANG_WARN_DIRECT_OBJC_ISA_USAGE = YES_ERROR;
				CLANG_WARN_DOCUMENTATION_COMMENTS = YES;
				CLANG_WARN_EMPTY_BODY = YES;
				CLANG_WARN_ENUM_CONVERSION = YES;
				CLANG_WARN_INFINITE_RECURSION = YES;
				CLANG_WARN_INT_CONVERSION = YES;
				CLANG_WARN_NON_LITERAL_NULL_CONVERSION = YES;
				CLANG_WARN_OBJC_IMPLICIT_RETAIN_SELF = YES;
				CLANG_WARN_OBJC_LITERAL_CONVERSION = YES;
				CLANG_WARN_OBJC_ROOT_CLASS = YES_ERROR;
				CLANG_WARN_RANGE_LOOP_ANALYSIS = YES;
				CLANG_WARN_STRICT_PROTOTYPES = YES;
				CLANG_WARN_SUSPICIOUS_MOVE = YES;
				CLANG_WARN_SUSPICIOUS_MOVES = YES;
				CLANG_WARN_UNREACHABLE_CODE = YES;
				CLANG_WARN__DUPLICATE_METHOD_MATCH = YES;
				"CODE_SIGN_IDENTITY[sdk=iphoneos*]" = "iPhone Developer";
				COPY_PHASE_STRIP = NO;
				DEBUG_INFORMATION_FORMAT = "dwarf-with-dsym";
				ENABLE_NS_ASSERTIONS = NO;
				ENABLE_STRICT_OBJC_MSGSEND = YES;
				GCC_C_LANGUAGE_STANDARD = gnu99;
				GCC_NO_COMMON_BLOCKS = YES;
				GCC_WARN_64_TO_32_BIT_CONVERSION = YES;
				GCC_WARN_ABOUT_RETURN_TYPE = YES_ERROR;
				GCC_WARN_UNDECLARED_SELECTOR = YES;
				GCC_WARN_UNINITIALIZED_AUTOS = YES_AGGRESSIVE;
				GCC_WARN_UNUSED_FUNCTION = YES;
				GCC_WARN_UNUSED_VARIABLE = YES;
				IPHONEOS_DEPLOYMENT_TARGET = 10.1;
				MTL_ENABLE_DEBUG_INFO = NO;
				SDKROOT = iphoneos;
				SWIFT_OPTIMIZATION_LEVEL = "-Owholemodule";
				VALIDATE_PRODUCT = YES;
			};
			name = Release;
		};
		9F8206E91DCCA82E00C8B60A /* Debug */ = {
			isa = XCBuildConfiguration;
			baseConfigurationReference = B6F1EC2DC4636A980DAF7E02 /* Pods-Check-in Me.debug.xcconfig */;
			buildSettings = {
				ALWAYS_EMBED_SWIFT_STANDARD_LIBRARIES = YES;
				ASSETCATALOG_COMPILER_APPICON_NAME = AppIcon;
				CODE_SIGN_ENTITLEMENTS = "Check-in Me/Check-in Me.entitlements";
				DEVELOPMENT_TEAM = JP8T8ZDVB3;
				FRAMEWORK_SEARCH_PATHS = (
					"$(inherited)",
					"$(PROJECT_DIR)/Pods/GoogleToolboxForMac",
					"$(PROJECT_DIR)/Pods/GTMSessionFetcher",
					"$(PROJECT_DIR)/Pods/JSQMessagesViewController",
					"$(PROJECT_DIR)/Pods/JSQSystemSoundPlayer",
				);
				INFOPLIST_FILE = "Check-in Me/Info.plist";
				LD_RUNPATH_SEARCH_PATHS = "$(inherited) @executable_path/Frameworks";
				PRODUCT_BUNDLE_IDENTIFIER = "poncikapps.Check-in-Me";
				PRODUCT_NAME = "$(TARGET_NAME)";
				SWIFT_VERSION = 3.0;
			};
			name = Debug;
		};
		9F8206EA1DCCA82E00C8B60A /* Release */ = {
			isa = XCBuildConfiguration;
			baseConfigurationReference = 4631EFD9744A3BAC17C8787E /* Pods-Check-in Me.release.xcconfig */;
			buildSettings = {
				ALWAYS_EMBED_SWIFT_STANDARD_LIBRARIES = YES;
				ASSETCATALOG_COMPILER_APPICON_NAME = AppIcon;
				CODE_SIGN_ENTITLEMENTS = "Check-in Me/Check-in Me.entitlements";
				DEVELOPMENT_TEAM = JP8T8ZDVB3;
				FRAMEWORK_SEARCH_PATHS = (
					"$(inherited)",
					"$(PROJECT_DIR)/Pods/GoogleToolboxForMac",
					"$(PROJECT_DIR)/Pods/GTMSessionFetcher",
					"$(PROJECT_DIR)/Pods/JSQMessagesViewController",
					"$(PROJECT_DIR)/Pods/JSQSystemSoundPlayer",
				);
				INFOPLIST_FILE = "Check-in Me/Info.plist";
				LD_RUNPATH_SEARCH_PATHS = "$(inherited) @executable_path/Frameworks";
				PRODUCT_BUNDLE_IDENTIFIER = "poncikapps.Check-in-Me";
				PRODUCT_NAME = "$(TARGET_NAME)";
				SWIFT_VERSION = 3.0;
			};
			name = Release;
		};
/* End XCBuildConfiguration section */

/* Begin XCConfigurationList section */
		9F8206CF1DCCA82D00C8B60A /* Build configuration list for PBXProject "Check-in Me" */ = {
			isa = XCConfigurationList;
			buildConfigurations = (
				9F8206E61DCCA82E00C8B60A /* Debug */,
				9F8206E71DCCA82E00C8B60A /* Release */,
			);
			defaultConfigurationIsVisible = 0;
			defaultConfigurationName = Release;
		};
		9F8206E81DCCA82E00C8B60A /* Build configuration list for PBXNativeTarget "Check-in Me" */ = {
			isa = XCConfigurationList;
			buildConfigurations = (
				9F8206E91DCCA82E00C8B60A /* Debug */,
				9F8206EA1DCCA82E00C8B60A /* Release */,
			);
			defaultConfigurationIsVisible = 0;
			defaultConfigurationName = Release;
		};
/* End XCConfigurationList section */
	};
	rootObject = 9F8206CC1DCCA82D00C8B60A /* Project object */;
}
